// !$*UTF8*$!
{
	archiveVersion = 1;
	classes = {
	};
	objectVersion = 50;
	objects = {

/* Begin PBXBuildFile section */
		941C4F8FE0DFEC305FC1E944 /* Pods_VIP_SwiftUI.framework in Frameworks */ = {isa = PBXBuildFile; fileRef = 8200C831FFB1CD8EB265B65E /* Pods_VIP_SwiftUI.framework */; };
		AA46BAA0258ABF5C00B91585 /* AppState.swift in Sources */ = {isa = PBXBuildFile; fileRef = AA46BA9F258ABF5C00B91585 /* AppState.swift */; };
		AA46BAA5258AC09A00B91585 /* Store.swift in Sources */ = {isa = PBXBuildFile; fileRef = AA46BAA4258AC09A00B91585 /* Store.swift */; };
		AA46BAA9258ACBE700B91585 /* DIContainer.swift in Sources */ = {isa = PBXBuildFile; fileRef = AA46BAA8258ACBE700B91585 /* DIContainer.swift */; };
		AA46BAAC258ACCB800B91585 /* View+Inject.swift in Sources */ = {isa = PBXBuildFile; fileRef = AA46BAAB258ACCB800B91585 /* View+Inject.swift */; };
		AA46BAB0258ACD7A00B91585 /* RootViewAppearance.swift in Sources */ = {isa = PBXBuildFile; fileRef = AA46BAAF258ACD7A00B91585 /* RootViewAppearance.swift */; };
		AA6B741E258A2DFA0019E6D8 /* Assets.xcassets in Resources */ = {isa = PBXBuildFile; fileRef = AA6B741D258A2DFA0019E6D8 /* Assets.xcassets */; };
		AA6B7421258A2DFA0019E6D8 /* Preview Assets.xcassets in Resources */ = {isa = PBXBuildFile; fileRef = AA6B7420258A2DFA0019E6D8 /* Preview Assets.xcassets */; };
		AA6B7431258A2F420019E6D8 /* AppDelegate.swift in Sources */ = {isa = PBXBuildFile; fileRef = AA6B7430258A2F420019E6D8 /* AppDelegate.swift */; };
		AA6B7435258A30370019E6D8 /* SceneDelegate.swift in Sources */ = {isa = PBXBuildFile; fileRef = AA6B7434258A30370019E6D8 /* SceneDelegate.swift */; };
		AA6B743A258A318A0019E6D8 /* MovieListView.swift in Sources */ = {isa = PBXBuildFile; fileRef = AA6B7439258A318A0019E6D8 /* MovieListView.swift */; };
		AA6B743E258A31980019E6D8 /* MovieListInteractor.swift in Sources */ = {isa = PBXBuildFile; fileRef = AA6B743D258A31980019E6D8 /* MovieListInteractor.swift */; };
		AA6B7441258A31A50019E6D8 /* MovieListPresenter.swift in Sources */ = {isa = PBXBuildFile; fileRef = AA6B7440258A31A50019E6D8 /* MovieListPresenter.swift */; };
		AA6B7444258A31B70019E6D8 /* MovieListViewModel.swift in Sources */ = {isa = PBXBuildFile; fileRef = AA6B7443258A31B70019E6D8 /* MovieListViewModel.swift */; };
		AA86BF02258CEF3E007FD274 /* MovieListDI.swift in Sources */ = {isa = PBXBuildFile; fileRef = AA86BF01258CEF3E007FD274 /* MovieListDI.swift */; };
		AAA20335258B7AFE003B4FA7 /* TargetType.swift in Sources */ = {isa = PBXBuildFile; fileRef = AAA20334258B7AFE003B4FA7 /* TargetType.swift */; };
		AAA2033A258B8730003B4FA7 /* Client.swift in Sources */ = {isa = PBXBuildFile; fileRef = AAA20339258B8730003B4FA7 /* Client.swift */; };
		AAA2033E258B8856003B4FA7 /* BaseURL.swift in Sources */ = {isa = PBXBuildFile; fileRef = AAA2033D258B8856003B4FA7 /* BaseURL.swift */; };
		AAA20341258B8C5C003B4FA7 /* Publisher + Utils.swift in Sources */ = {isa = PBXBuildFile; fileRef = AAA20340258B8C5C003B4FA7 /* Publisher + Utils.swift */; };
		AAA20346258B8D71003B4FA7 /* ContentView.swift in Sources */ = {isa = PBXBuildFile; fileRef = AAA20345258B8D71003B4FA7 /* ContentView.swift */; };
		AAA2034F258BA599003B4FA7 /* ProcessInfo.swift in Sources */ = {isa = PBXBuildFile; fileRef = AAA2034E258BA599003B4FA7 /* ProcessInfo.swift */; };
		AAA20352258BA89F003B4FA7 /* AppEnvironment.swift in Sources */ = {isa = PBXBuildFile; fileRef = AAA20351258BA89F003B4FA7 /* AppEnvironment.swift */; };
		AAA20355258BA8DC003B4FA7 /* AppEventHandler.swift in Sources */ = {isa = PBXBuildFile; fileRef = AAA20354258BA8DC003B4FA7 /* AppEventHandler.swift */; };
		AAA20363258BB6A3003B4FA7 /* MovieService.swift in Sources */ = {isa = PBXBuildFile; fileRef = AAA20362258BB6A3003B4FA7 /* MovieService.swift */; };
/* End PBXBuildFile section */

/* Begin PBXFileReference section */
		261EE020ADAB37951634DB36 /* Pods-VIP-SwiftUI.debug.xcconfig */ = {isa = PBXFileReference; includeInIndex = 1; lastKnownFileType = text.xcconfig; name = "Pods-VIP-SwiftUI.debug.xcconfig"; path = "Target Support Files/Pods-VIP-SwiftUI/Pods-VIP-SwiftUI.debug.xcconfig"; sourceTree = "<group>"; };
		623AD50A5C2B604E5B7487A3 /* Pods-VIP-SwiftUI.release.xcconfig */ = {isa = PBXFileReference; includeInIndex = 1; lastKnownFileType = text.xcconfig; name = "Pods-VIP-SwiftUI.release.xcconfig"; path = "Target Support Files/Pods-VIP-SwiftUI/Pods-VIP-SwiftUI.release.xcconfig"; sourceTree = "<group>"; };
		8200C831FFB1CD8EB265B65E /* Pods_VIP_SwiftUI.framework */ = {isa = PBXFileReference; explicitFileType = wrapper.framework; includeInIndex = 0; path = Pods_VIP_SwiftUI.framework; sourceTree = BUILT_PRODUCTS_DIR; };
		AA46BA9F258ABF5C00B91585 /* AppState.swift */ = {isa = PBXFileReference; lastKnownFileType = sourcecode.swift; path = AppState.swift; sourceTree = "<group>"; };
		AA46BAA4258AC09A00B91585 /* Store.swift */ = {isa = PBXFileReference; lastKnownFileType = sourcecode.swift; path = Store.swift; sourceTree = "<group>"; };
		AA46BAA8258ACBE700B91585 /* DIContainer.swift */ = {isa = PBXFileReference; lastKnownFileType = sourcecode.swift; path = DIContainer.swift; sourceTree = "<group>"; };
		AA46BAAB258ACCB800B91585 /* View+Inject.swift */ = {isa = PBXFileReference; lastKnownFileType = sourcecode.swift; path = "View+Inject.swift"; sourceTree = "<group>"; };
		AA46BAAF258ACD7A00B91585 /* RootViewAppearance.swift */ = {isa = PBXFileReference; lastKnownFileType = sourcecode.swift; path = RootViewAppearance.swift; sourceTree = "<group>"; };
		AA6B7416258A2DFA0019E6D8 /* VIP-SwiftUI.app */ = {isa = PBXFileReference; explicitFileType = wrapper.application; includeInIndex = 0; path = "VIP-SwiftUI.app"; sourceTree = BUILT_PRODUCTS_DIR; };
		AA6B741D258A2DFA0019E6D8 /* Assets.xcassets */ = {isa = PBXFileReference; lastKnownFileType = folder.assetcatalog; path = Assets.xcassets; sourceTree = "<group>"; };
		AA6B7420258A2DFA0019E6D8 /* Preview Assets.xcassets */ = {isa = PBXFileReference; lastKnownFileType = folder.assetcatalog; path = "Preview Assets.xcassets"; sourceTree = "<group>"; };
		AA6B7422258A2DFA0019E6D8 /* Info.plist */ = {isa = PBXFileReference; lastKnownFileType = text.plist.xml; path = Info.plist; sourceTree = "<group>"; };
		AA6B7430258A2F420019E6D8 /* AppDelegate.swift */ = {isa = PBXFileReference; lastKnownFileType = sourcecode.swift; path = AppDelegate.swift; sourceTree = "<group>"; };
		AA6B7434258A30370019E6D8 /* SceneDelegate.swift */ = {isa = PBXFileReference; lastKnownFileType = sourcecode.swift; path = SceneDelegate.swift; sourceTree = "<group>"; };
		AA6B7439258A318A0019E6D8 /* MovieListView.swift */ = {isa = PBXFileReference; lastKnownFileType = sourcecode.swift; path = MovieListView.swift; sourceTree = "<group>"; };
		AA6B743D258A31980019E6D8 /* MovieListInteractor.swift */ = {isa = PBXFileReference; lastKnownFileType = sourcecode.swift; path = MovieListInteractor.swift; sourceTree = "<group>"; };
		AA6B7440258A31A50019E6D8 /* MovieListPresenter.swift */ = {isa = PBXFileReference; lastKnownFileType = sourcecode.swift; path = MovieListPresenter.swift; sourceTree = "<group>"; };
		AA6B7443258A31B70019E6D8 /* MovieListViewModel.swift */ = {isa = PBXFileReference; lastKnownFileType = sourcecode.swift; path = MovieListViewModel.swift; sourceTree = "<group>"; };
		AA86BF01258CEF3E007FD274 /* MovieListDI.swift */ = {isa = PBXFileReference; lastKnownFileType = sourcecode.swift; path = MovieListDI.swift; sourceTree = "<group>"; };
		AAA20334258B7AFE003B4FA7 /* TargetType.swift */ = {isa = PBXFileReference; lastKnownFileType = sourcecode.swift; path = TargetType.swift; sourceTree = "<group>"; };
		AAA20339258B8730003B4FA7 /* Client.swift */ = {isa = PBXFileReference; lastKnownFileType = sourcecode.swift; path = Client.swift; sourceTree = "<group>"; };
		AAA2033D258B8856003B4FA7 /* BaseURL.swift */ = {isa = PBXFileReference; lastKnownFileType = sourcecode.swift; path = BaseURL.swift; sourceTree = "<group>"; };
		AAA20340258B8C5C003B4FA7 /* Publisher + Utils.swift */ = {isa = PBXFileReference; lastKnownFileType = sourcecode.swift; path = "Publisher + Utils.swift"; sourceTree = "<group>"; };
		AAA20345258B8D71003B4FA7 /* ContentView.swift */ = {isa = PBXFileReference; lastKnownFileType = sourcecode.swift; path = ContentView.swift; sourceTree = "<group>"; };
		AAA2034E258BA599003B4FA7 /* ProcessInfo.swift */ = {isa = PBXFileReference; lastKnownFileType = sourcecode.swift; path = ProcessInfo.swift; sourceTree = "<group>"; };
		AAA20351258BA89F003B4FA7 /* AppEnvironment.swift */ = {isa = PBXFileReference; lastKnownFileType = sourcecode.swift; path = AppEnvironment.swift; sourceTree = "<group>"; };
		AAA20354258BA8DC003B4FA7 /* AppEventHandler.swift */ = {isa = PBXFileReference; lastKnownFileType = sourcecode.swift; path = AppEventHandler.swift; sourceTree = "<group>"; };
		AAA20362258BB6A3003B4FA7 /* MovieService.swift */ = {isa = PBXFileReference; lastKnownFileType = sourcecode.swift; path = MovieService.swift; sourceTree = "<group>"; };
/* End PBXFileReference section */

/* Begin PBXFrameworksBuildPhase section */
		AA6B7413258A2DFA0019E6D8 /* Frameworks */ = {
			isa = PBXFrameworksBuildPhase;
			buildActionMask = 2147483647;
			files = (
				941C4F8FE0DFEC305FC1E944 /* Pods_VIP_SwiftUI.framework in Frameworks */,
			);
			runOnlyForDeploymentPostprocessing = 0;
		};
/* End PBXFrameworksBuildPhase section */

/* Begin PBXGroup section */
		0ED32004A9CCECE8FC5AE652 /* Frameworks */ = {
			isa = PBXGroup;
			children = (
				8200C831FFB1CD8EB265B65E /* Pods_VIP_SwiftUI.framework */,
			);
			name = Frameworks;
			sourceTree = "<group>";
		};
		AA46BAA2258AC08500B91585 /* Common */ = {
			isa = PBXGroup;
			children = (
				AAA20345258B8D71003B4FA7 /* ContentView.swift */,
				AA46BAAF258ACD7A00B91585 /* RootViewAppearance.swift */,
				AA46BAA3258AC08D00B91585 /* Extensions */,
			);
			path = Common;
			sourceTree = "<group>";
		};
		AA46BAA3258AC08D00B91585 /* Extensions */ = {
			isa = PBXGroup;
			children = (
				AA46BAA4258AC09A00B91585 /* Store.swift */,
				AA46BAAB258ACCB800B91585 /* View+Inject.swift */,
				AAA20340258B8C5C003B4FA7 /* Publisher + Utils.swift */,
				AAA2034E258BA599003B4FA7 /* ProcessInfo.swift */,
			);
			path = Extensions;
			sourceTree = "<group>";
		};
		AA6B740D258A2DFA0019E6D8 = {
			isa = PBXGroup;
			children = (
				AA6B7418258A2DFA0019E6D8 /* VIP-SwiftUI */,
				AA6B7417258A2DFA0019E6D8 /* Products */,
				EFDE44322751E29FD475CB11 /* Pods */,
				0ED32004A9CCECE8FC5AE652 /* Frameworks */,
			);
			sourceTree = "<group>";
		};
		AA6B7417258A2DFA0019E6D8 /* Products */ = {
			isa = PBXGroup;
			children = (
				AA6B7416258A2DFA0019E6D8 /* VIP-SwiftUI.app */,
			);
			name = Products;
			sourceTree = "<group>";
		};
		AA6B7418258A2DFA0019E6D8 /* VIP-SwiftUI */ = {
			isa = PBXGroup;
			children = (
				AAA20332258B79F0003B4FA7 /* Networking */,
				AA46BAA2258AC08500B91585 /* Common */,
				AA6B7437258A31720019E6D8 /* Scenes */,
				AA6B742F258A2ED10019E6D8 /* Ressources */,
				AA6B742C258A2EC40019E6D8 /* App */,
				AA6B7429258A2E950019E6D8 /* Settings */,
				AA6B741F258A2DFA0019E6D8 /* Preview Content */,
			);
			path = "VIP-SwiftUI";
			sourceTree = "<group>";
		};
		AA6B741F258A2DFA0019E6D8 /* Preview Content */ = {
			isa = PBXGroup;
			children = (
				AA6B7420258A2DFA0019E6D8 /* Preview Assets.xcassets */,
			);
			path = "Preview Content";
			sourceTree = "<group>";
		};
		AA6B7429258A2E950019E6D8 /* Settings */ = {
			isa = PBXGroup;
			children = (
				AA6B7422258A2DFA0019E6D8 /* Info.plist */,
			);
			path = Settings;
			sourceTree = "<group>";
		};
		AA6B742C258A2EC40019E6D8 /* App */ = {
			isa = PBXGroup;
			children = (
				AA6B7430258A2F420019E6D8 /* AppDelegate.swift */,
				AA6B7434258A30370019E6D8 /* SceneDelegate.swift */,
				AA46BA9F258ABF5C00B91585 /* AppState.swift */,
				AA46BAA8258ACBE700B91585 /* DIContainer.swift */,
				AAA20351258BA89F003B4FA7 /* AppEnvironment.swift */,
				AAA20354258BA8DC003B4FA7 /* AppEventHandler.swift */,
			);
			path = App;
			sourceTree = "<group>";
		};
		AA6B742F258A2ED10019E6D8 /* Ressources */ = {
			isa = PBXGroup;
			children = (
				AA6B741D258A2DFA0019E6D8 /* Assets.xcassets */,
			);
			path = Ressources;
			sourceTree = "<group>";
		};
		AA6B7437258A31720019E6D8 /* Scenes */ = {
			isa = PBXGroup;
			children = (
				AA6B7438258A31790019E6D8 /* MovieList */,
			);
			path = Scenes;
			sourceTree = "<group>";
		};
		AA6B7438258A31790019E6D8 /* MovieList */ = {
			isa = PBXGroup;
			children = (
				AA6B7439258A318A0019E6D8 /* MovieListView.swift */,
				AA6B743D258A31980019E6D8 /* MovieListInteractor.swift */,
				AA6B7440258A31A50019E6D8 /* MovieListPresenter.swift */,
				AA6B7443258A31B70019E6D8 /* MovieListViewModel.swift */,
				AA86BF01258CEF3E007FD274 /* MovieListDI.swift */,
			);
			path = MovieList;
			sourceTree = "<group>";
		};
		AAA20332258B79F0003B4FA7 /* Networking */ = {
			isa = PBXGroup;
			children = (
				AAA20344258B8D2E003B4FA7 /* Services */,
				AAA20343258B8D1B003B4FA7 /* Models */,
				AAA20338258B8714003B4FA7 /* Provider */,
				AAA20333258B7AA8003B4FA7 /* Utils */,
			);
			path = Networking;
			sourceTree = "<group>";
		};
		AAA20333258B7AA8003B4FA7 /* Utils */ = {
			isa = PBXGroup;
			children = (
				AAA20334258B7AFE003B4FA7 /* TargetType.swift */,
				AAA2033D258B8856003B4FA7 /* BaseURL.swift */,
			);
			path = Utils;
			sourceTree = "<group>";
		};
		AAA20338258B8714003B4FA7 /* Provider */ = {
			isa = PBXGroup;
			children = (
				AAA20339258B8730003B4FA7 /* Client.swift */,
			);
			path = Provider;
			sourceTree = "<group>";
		};
		AAA20343258B8D1B003B4FA7 /* Models */ = {
			isa = PBXGroup;
			children = (
			);
			path = Models;
			sourceTree = "<group>";
		};
		AAA20344258B8D2E003B4FA7 /* Services */ = {
			isa = PBXGroup;
			children = (
				AAA20362258BB6A3003B4FA7 /* MovieService.swift */,
			);
			path = Services;
			sourceTree = "<group>";
		};
		EFDE44322751E29FD475CB11 /* Pods */ = {
			isa = PBXGroup;
			children = (
				261EE020ADAB37951634DB36 /* Pods-VIP-SwiftUI.debug.xcconfig */,
				623AD50A5C2B604E5B7487A3 /* Pods-VIP-SwiftUI.release.xcconfig */,
			);
			path = Pods;
			sourceTree = "<group>";
		};
/* End PBXGroup section */

/* Begin PBXNativeTarget section */
		AA6B7415258A2DFA0019E6D8 /* VIP-SwiftUI */ = {
			isa = PBXNativeTarget;
			buildConfigurationList = AA6B7425258A2DFA0019E6D8 /* Build configuration list for PBXNativeTarget "VIP-SwiftUI" */;
			buildPhases = (
				7E57A33F93044ADE17CE0472 /* [CP] Check Pods Manifest.lock */,
				AA6B7412258A2DFA0019E6D8 /* Sources */,
				AA6B7413258A2DFA0019E6D8 /* Frameworks */,
				AA6B7414258A2DFA0019E6D8 /* Resources */,
				AAA20349258B91A4003B4FA7 /* Swift Lint */,
			);
			buildRules = (
			);
			dependencies = (
			);
			name = "VIP-SwiftUI";
			productName = "VIP-SwiftUI";
			productReference = AA6B7416258A2DFA0019E6D8 /* VIP-SwiftUI.app */;
			productType = "com.apple.product-type.application";
		};
/* End PBXNativeTarget section */

/* Begin PBXProject section */
		AA6B740E258A2DFA0019E6D8 /* Project object */ = {
			isa = PBXProject;
			attributes = {
				LastSwiftUpdateCheck = 1210;
				LastUpgradeCheck = 1210;
				TargetAttributes = {
					AA6B7415258A2DFA0019E6D8 = {
						CreatedOnToolsVersion = 12.1;
					};
				};
			};
			buildConfigurationList = AA6B7411258A2DFA0019E6D8 /* Build configuration list for PBXProject "VIP-SwiftUI" */;
			compatibilityVersion = "Xcode 9.3";
			developmentRegion = en;
			hasScannedForEncodings = 0;
			knownRegions = (
				en,
				Base,
			);
			mainGroup = AA6B740D258A2DFA0019E6D8;
			productRefGroup = AA6B7417258A2DFA0019E6D8 /* Products */;
			projectDirPath = "";
			projectRoot = "";
			targets = (
				AA6B7415258A2DFA0019E6D8 /* VIP-SwiftUI */,
			);
		};
/* End PBXProject section */

/* Begin PBXResourcesBuildPhase section */
		AA6B7414258A2DFA0019E6D8 /* Resources */ = {
			isa = PBXResourcesBuildPhase;
			buildActionMask = 2147483647;
			files = (
				AA6B7421258A2DFA0019E6D8 /* Preview Assets.xcassets in Resources */,
				AA6B741E258A2DFA0019E6D8 /* Assets.xcassets in Resources */,
			);
			runOnlyForDeploymentPostprocessing = 0;
		};
/* End PBXResourcesBuildPhase section */

/* Begin PBXShellScriptBuildPhase section */
		7E57A33F93044ADE17CE0472 /* [CP] Check Pods Manifest.lock */ = {
			isa = PBXShellScriptBuildPhase;
			buildActionMask = 2147483647;
			files = (
			);
			inputFileListPaths = (
			);
			inputPaths = (
				"${PODS_PODFILE_DIR_PATH}/Podfile.lock",
				"${PODS_ROOT}/Manifest.lock",
			);
			name = "[CP] Check Pods Manifest.lock";
			outputFileListPaths = (
			);
			outputPaths = (
				"$(DERIVED_FILE_DIR)/Pods-VIP-SwiftUI-checkManifestLockResult.txt",
			);
			runOnlyForDeploymentPostprocessing = 0;
			shellPath = /bin/sh;
			shellScript = "diff \"${PODS_PODFILE_DIR_PATH}/Podfile.lock\" \"${PODS_ROOT}/Manifest.lock\" > /dev/null\nif [ $? != 0 ] ; then\n    # print error to STDERR\n    echo \"error: The sandbox is not in sync with the Podfile.lock. Run 'pod install' or update your CocoaPods installation.\" >&2\n    exit 1\nfi\n# This output is used by Xcode 'outputs' to avoid re-running this script phase.\necho \"SUCCESS\" > \"${SCRIPT_OUTPUT_FILE_0}\"\n";
			showEnvVarsInLog = 0;
		};
		AAA20349258B91A4003B4FA7 /* Swift Lint */ = {
			isa = PBXShellScriptBuildPhase;
			buildActionMask = 2147483647;
			files = (
			);
			inputFileListPaths = (
			);
			inputPaths = (
			);
			name = "Swift Lint";
			outputFileListPaths = (
			);
			outputPaths = (
			);
			runOnlyForDeploymentPostprocessing = 0;
			shellPath = /bin/sh;
			shellScript = "# Type a script or drag a script file from your workspace to insert its path.\n\"${PODS_ROOT}/SwiftLint/swiftlint\"\n";
		};
/* End PBXShellScriptBuildPhase section */

/* Begin PBXSourcesBuildPhase section */
		AA6B7412258A2DFA0019E6D8 /* Sources */ = {
			isa = PBXSourcesBuildPhase;
			buildActionMask = 2147483647;
			files = (
				AA6B7431258A2F420019E6D8 /* AppDelegate.swift in Sources */,
				AA6B7441258A31A50019E6D8 /* MovieListPresenter.swift in Sources */,
				AAA2033E258B8856003B4FA7 /* BaseURL.swift in Sources */,
				AAA20335258B7AFE003B4FA7 /* TargetType.swift in Sources */,
				AA46BAB0258ACD7A00B91585 /* RootViewAppearance.swift in Sources */,
				AA86BF02258CEF3E007FD274 /* MovieListDI.swift in Sources */,
				AAA20352258BA89F003B4FA7 /* AppEnvironment.swift in Sources */,
				AA46BAAC258ACCB800B91585 /* View+Inject.swift in Sources */,
				AA46BAA9258ACBE700B91585 /* DIContainer.swift in Sources */,
				AAA20363258BB6A3003B4FA7 /* MovieService.swift in Sources */,
				AAA20346258B8D71003B4FA7 /* ContentView.swift in Sources */,
				AA6B743A258A318A0019E6D8 /* MovieListView.swift in Sources */,
				AA46BAA5258AC09A00B91585 /* Store.swift in Sources */,
				AAA2033A258B8730003B4FA7 /* Client.swift in Sources */,
				AA46BAA0258ABF5C00B91585 /* AppState.swift in Sources */,
				AAA20355258BA8DC003B4FA7 /* AppEventHandler.swift in Sources */,
				AA6B743E258A31980019E6D8 /* MovieListInteractor.swift in Sources */,
				AAA2034F258BA599003B4FA7 /* ProcessInfo.swift in Sources */,
				AAA20341258B8C5C003B4FA7 /* Publisher + Utils.swift in Sources */,
				AA6B7435258A30370019E6D8 /* SceneDelegate.swift in Sources */,
				AA6B7444258A31B70019E6D8 /* MovieListViewModel.swift in Sources */,
			);
			runOnlyForDeploymentPostprocessing = 0;
		};
/* End PBXSourcesBuildPhase section */

/* Begin XCBuildConfiguration section */
		AA6B7423258A2DFA0019E6D8 /* Debug */ = {
			isa = XCBuildConfiguration;
			buildSettings = {
				ALWAYS_SEARCH_USER_PATHS = NO;
				CLANG_ANALYZER_NONNULL = YES;
				CLANG_ANALYZER_NUMBER_OBJECT_CONVERSION = YES_AGGRESSIVE;
				CLANG_CXX_LANGUAGE_STANDARD = "gnu++14";
				CLANG_CXX_LIBRARY = "libc++";
				CLANG_ENABLE_MODULES = YES;
				CLANG_ENABLE_OBJC_ARC = YES;
				CLANG_ENABLE_OBJC_WEAK = YES;
				CLANG_WARN_BLOCK_CAPTURE_AUTORELEASING = YES;
				CLANG_WARN_BOOL_CONVERSION = YES;
				CLANG_WARN_COMMA = YES;
				CLANG_WARN_CONSTANT_CONVERSION = YES;
				CLANG_WARN_DEPRECATED_OBJC_IMPLEMENTATIONS = YES;
				CLANG_WARN_DIRECT_OBJC_ISA_USAGE = YES_ERROR;
				CLANG_WARN_DOCUMENTATION_COMMENTS = YES;
				CLANG_WARN_EMPTY_BODY = YES;
				CLANG_WARN_ENUM_CONVERSION = YES;
				CLANG_WARN_INFINITE_RECURSION = YES;
				CLANG_WARN_INT_CONVERSION = YES;
				CLANG_WARN_NON_LITERAL_NULL_CONVERSION = YES;
				CLANG_WARN_OBJC_IMPLICIT_RETAIN_SELF = YES;
				CLANG_WARN_OBJC_LITERAL_CONVERSION = YES;
				CLANG_WARN_OBJC_ROOT_CLASS = YES_ERROR;
				CLANG_WARN_QUOTED_INCLUDE_IN_FRAMEWORK_HEADER = YES;
				CLANG_WARN_RANGE_LOOP_ANALYSIS = YES;
				CLANG_WARN_STRICT_PROTOTYPES = YES;
				CLANG_WARN_SUSPICIOUS_MOVE = YES;
				CLANG_WARN_UNGUARDED_AVAILABILITY = YES_AGGRESSIVE;
				CLANG_WARN_UNREACHABLE_CODE = YES;
				CLANG_WARN__DUPLICATE_METHOD_MATCH = YES;
				COPY_PHASE_STRIP = NO;
				DEBUG_INFORMATION_FORMAT = dwarf;
				ENABLE_STRICT_OBJC_MSGSEND = YES;
				ENABLE_TESTABILITY = YES;
				GCC_C_LANGUAGE_STANDARD = gnu11;
				GCC_DYNAMIC_NO_PIC = NO;
				GCC_NO_COMMON_BLOCKS = YES;
				GCC_OPTIMIZATION_LEVEL = 0;
				GCC_PREPROCESSOR_DEFINITIONS = (
					"DEBUG=1",
					"$(inherited)",
				);
				GCC_WARN_64_TO_32_BIT_CONVERSION = YES;
				GCC_WARN_ABOUT_RETURN_TYPE = YES_ERROR;
				GCC_WARN_UNDECLARED_SELECTOR = YES;
				GCC_WARN_UNINITIALIZED_AUTOS = YES_AGGRESSIVE;
				GCC_WARN_UNUSED_FUNCTION = YES;
				GCC_WARN_UNUSED_VARIABLE = YES;
				IPHONEOS_DEPLOYMENT_TARGET = 14.1;
				MTL_ENABLE_DEBUG_INFO = INCLUDE_SOURCE;
				MTL_FAST_MATH = YES;
				ONLY_ACTIVE_ARCH = YES;
				SDKROOT = iphoneos;
				SWIFT_ACTIVE_COMPILATION_CONDITIONS = DEBUG;
				SWIFT_OPTIMIZATION_LEVEL = "-Onone";
			};
			name = Debug;
		};
		AA6B7424258A2DFA0019E6D8 /* Release */ = {
			isa = XCBuildConfiguration;
			buildSettings = {
				ALWAYS_SEARCH_USER_PATHS = NO;
				CLANG_ANALYZER_NONNULL = YES;
				CLANG_ANALYZER_NUMBER_OBJECT_CONVERSION = YES_AGGRESSIVE;
				CLANG_CXX_LANGUAGE_STANDARD = "gnu++14";
				CLANG_CXX_LIBRARY = "libc++";
				CLANG_ENABLE_MODULES = YES;
				CLANG_ENABLE_OBJC_ARC = YES;
				CLANG_ENABLE_OBJC_WEAK = YES;
				CLANG_WARN_BLOCK_CAPTURE_AUTORELEASING = YES;
				CLANG_WARN_BOOL_CONVERSION = YES;
				CLANG_WARN_COMMA = YES;
				CLANG_WARN_CONSTANT_CONVERSION = YES;
				CLANG_WARN_DEPRECATED_OBJC_IMPLEMENTATIONS = YES;
				CLANG_WARN_DIRECT_OBJC_ISA_USAGE = YES_ERROR;
				CLANG_WARN_DOCUMENTATION_COMMENTS = YES;
				CLANG_WARN_EMPTY_BODY = YES;
				CLANG_WARN_ENUM_CONVERSION = YES;
				CLANG_WARN_INFINITE_RECURSION = YES;
				CLANG_WARN_INT_CONVERSION = YES;
				CLANG_WARN_NON_LITERAL_NULL_CONVERSION = YES;
				CLANG_WARN_OBJC_IMPLICIT_RETAIN_SELF = YES;
				CLANG_WARN_OBJC_LITERAL_CONVERSION = YES;
				CLANG_WARN_OBJC_ROOT_CLASS = YES_ERROR;
				CLANG_WARN_QUOTED_INCLUDE_IN_FRAMEWORK_HEADER = YES;
				CLANG_WARN_RANGE_LOOP_ANALYSIS = YES;
				CLANG_WARN_STRICT_PROTOTYPES = YES;
				CLANG_WARN_SUSPICIOUS_MOVE = YES;
				CLANG_WARN_UNGUARDED_AVAILABILITY = YES_AGGRESSIVE;
				CLANG_WARN_UNREACHABLE_CODE = YES;
				CLANG_WARN__DUPLICATE_METHOD_MATCH = YES;
				COPY_PHASE_STRIP = NO;
				DEBUG_INFORMATION_FORMAT = "dwarf-with-dsym";
				ENABLE_NS_ASSERTIONS = NO;
				ENABLE_STRICT_OBJC_MSGSEND = YES;
				GCC_C_LANGUAGE_STANDARD = gnu11;
				GCC_NO_COMMON_BLOCKS = YES;
				GCC_WARN_64_TO_32_BIT_CONVERSION = YES;
				GCC_WARN_ABOUT_RETURN_TYPE = YES_ERROR;
				GCC_WARN_UNDECLARED_SELECTOR = YES;
				GCC_WARN_UNINITIALIZED_AUTOS = YES_AGGRESSIVE;
				GCC_WARN_UNUSED_FUNCTION = YES;
				GCC_WARN_UNUSED_VARIABLE = YES;
				IPHONEOS_DEPLOYMENT_TARGET = 14.1;
				MTL_ENABLE_DEBUG_INFO = NO;
				MTL_FAST_MATH = YES;
				SDKROOT = iphoneos;
				SWIFT_COMPILATION_MODE = wholemodule;
				SWIFT_OPTIMIZATION_LEVEL = "-O";
				VALIDATE_PRODUCT = YES;
			};
			name = Release;
		};
		AA6B7426258A2DFA0019E6D8 /* Debug */ = {
			isa = XCBuildConfiguration;
			baseConfigurationReference = 261EE020ADAB37951634DB36 /* Pods-VIP-SwiftUI.debug.xcconfig */;
			buildSettings = {
				ASSETCATALOG_COMPILER_APPICON_NAME = AppIcon;
				ASSETCATALOG_COMPILER_GLOBAL_ACCENT_COLOR_NAME = AccentColor;
				CODE_SIGN_STYLE = Automatic;
				DEVELOPMENT_ASSET_PATHS = "\"VIP-SwiftUI/Preview Content\"";
				DEVELOPMENT_TEAM = R9GPA4UB8P;
				ENABLE_PREVIEWS = YES;
				INFOPLIST_FILE = "VIP-SwiftUI/Settings/Info.plist";
				IPHONEOS_DEPLOYMENT_TARGET = 14.0;
				LD_RUNPATH_SEARCH_PATHS = (
					"$(inherited)",
					"@executable_path/Frameworks",
				);
				PRODUCT_BUNDLE_IDENTIFIER = "com.youssef.VIP-SwiftUI";
				PRODUCT_NAME = "$(TARGET_NAME)";
				SWIFT_VERSION = 5.0;
				TARGETED_DEVICE_FAMILY = "1,2";
			};
			name = Debug;
		};
		AA6B7427258A2DFA0019E6D8 /* Release */ = {
			isa = XCBuildConfiguration;
			baseConfigurationReference = 623AD50A5C2B604E5B7487A3 /* Pods-VIP-SwiftUI.release.xcconfig */;
			buildSettings = {
				ASSETCATALOG_COMPILER_APPICON_NAME = AppIcon;
				ASSETCATALOG_COMPILER_GLOBAL_ACCENT_COLOR_NAME = AccentColor;
				CODE_SIGN_STYLE = Automatic;
				DEVELOPMENT_ASSET_PATHS = "\"VIP-SwiftUI/Preview Content\"";
				DEVELOPMENT_TEAM = R9GPA4UB8P;
				ENABLE_PREVIEWS = YES;
				INFOPLIST_FILE = "VIP-SwiftUI/Settings/Info.plist";
				IPHONEOS_DEPLOYMENT_TARGET = 14.0;
				LD_RUNPATH_SEARCH_PATHS = (
					"$(inherited)",
					"@executable_path/Frameworks",
				);
				PRODUCT_BUNDLE_IDENTIFIER = "com.youssef.VIP-SwiftUI";
				PRODUCT_NAME = "$(TARGET_NAME)";
				SWIFT_VERSION = 5.0;
				TARGETED_DEVICE_FAMILY = "1,2";
			};
			name = Release;
		};
/* End XCBuildConfiguration section */

/* Begin XCConfigurationList section */
		AA6B7411258A2DFA0019E6D8 /* Build configuration list for PBXProject "VIP-SwiftUI" */ = {
			isa = XCConfigurationList;
			buildConfigurations = (
				AA6B7423258A2DFA0019E6D8 /* Debug */,
				AA6B7424258A2DFA0019E6D8 /* Release */,
			);
			defaultConfigurationIsVisible = 0;
			defaultConfigurationName = Release;
		};
		AA6B7425258A2DFA0019E6D8 /* Build configuration list for PBXNativeTarget "VIP-SwiftUI" */ = {
			isa = XCConfigurationList;
			buildConfigurations = (
				AA6B7426258A2DFA0019E6D8 /* Debug */,
				AA6B7427258A2DFA0019E6D8 /* Release */,
			);
			defaultConfigurationIsVisible = 0;
			defaultConfigurationName = Release;
		};
/* End XCConfigurationList section */
	};
	rootObject = AA6B740E258A2DFA0019E6D8 /* Project object */;
}
